// !$*UTF8*$!
{
	archiveVersion = 1;
	classes = {
	};
	objectVersion = 46;
	objects = {

/* Begin PBXBuildFile section */
		BC5CEC3B17A1ED5200405806 /* UIKit.framework in Frameworks */ = {isa = PBXBuildFile; fileRef = BC5CEC3A17A1ED5200405806 /* UIKit.framework */; };
		BC5CEC3D17A1ED5200405806 /* Foundation.framework in Frameworks */ = {isa = PBXBuildFile; fileRef = BC5CEC3C17A1ED5200405806 /* Foundation.framework */; };
		BC5CEC3F17A1ED5200405806 /* CoreGraphics.framework in Frameworks */ = {isa = PBXBuildFile; fileRef = BC5CEC3E17A1ED5200405806 /* CoreGraphics.framework */; };
		BC5CEC4517A1ED5200405806 /* InfoPlist.strings in Resources */ = {isa = PBXBuildFile; fileRef = BC5CEC4317A1ED5200405806 /* InfoPlist.strings */; };
		BC5CEC4717A1ED5200405806 /* main.m in Sources */ = {isa = PBXBuildFile; fileRef = BC5CEC4617A1ED5200405806 /* main.m */; };
		BC5CEC4B17A1ED5300405806 /* AppDelegate.mm in Sources */ = {isa = PBXBuildFile; fileRef = BC5CEC4A17A1ED5300405806 /* AppDelegate.mm */; };
		BC5CEC4D17A1ED5300405806 /* Default.png in Resources */ = {isa = PBXBuildFile; fileRef = BC5CEC4C17A1ED5300405806 /* Default.png */; };
		BC5CEC4F17A1ED5300405806 /* Default@2x.png in Resources */ = {isa = PBXBuildFile; fileRef = BC5CEC4E17A1ED5300405806 /* Default@2x.png */; };
		BC5CEC5117A1ED5300405806 /* Default-568h@2x.png in Resources */ = {isa = PBXBuildFile; fileRef = BC5CEC5017A1ED5300405806 /* Default-568h@2x.png */; };
		BC5CEC5417A1ED5300405806 /* ViewController.m in Sources */ = {isa = PBXBuildFile; fileRef = BC5CEC5317A1ED5300405806 /* ViewController.m */; };
		BC5CEC5717A1ED5400405806 /* ViewController.xib in Resources */ = {isa = PBXBuildFile; fileRef = BC5CEC5517A1ED5400405806 /* ViewController.xib */; };
		BC5CECC517A1F4B000405806 /* NSObjectInitWithCptr.m in Sources */ = {isa = PBXBuildFile; fileRef = BC5CEC9F17A1F4B000405806 /* NSObjectInitWithCptr.m */; settings = {COMPILER_FLAGS = "-fno-objc-arc"; }; };
		BC5CECC817A1F4B000405806 /* PopupIcon.png in Resources */ = {isa = PBXBuildFile; fileRef = BC5CECAB17A1F4B000405806 /* PopupIcon.png */; };
		BC5CECD517A1F4B000405806 /* libTools.a in Frameworks */ = {isa = PBXBuildFile; fileRef = BC5CECC117A1F4B000405806 /* libTools.a */; };
		BC5CECD617A1F4B000405806 /* mech.pdf in Resources */ = {isa = PBXBuildFile; fileRef = BC5CECC317A1F4B000405806 /* mech.pdf */; };
		BC5CECD717A1F4B000405806 /* pass_is_macosx.pdf in Resources */ = {isa = PBXBuildFile; fileRef = BC5CECC417A1F4B000405806 /* pass_is_macosx.pdf */; };
		BC5CECD917A1F4CF00405806 /* QuartzCore.framework in Frameworks */ = {isa = PBXBuildFile; fileRef = BC5CECD817A1F4CF00405806 /* QuartzCore.framework */; };
		BC5CECDB17A1F4D700405806 /* CoreText.framework in Frameworks */ = {isa = PBXBuildFile; fileRef = BC5CECDA17A1F4D700405806 /* CoreText.framework */; };
		BCB1FB5118D0DD1E0002D8B8 /* PDFNet.framework in Frameworks */ = {isa = PBXBuildFile; fileRef = BCB1FB5018D0DD1E0002D8B8 /* PDFNet.framework */; };
		BCB1FB5418D10F630002D8B8 /* pdfnet.res in Resources */ = {isa = PBXBuildFile; fileRef = BCB1FB5318D10F310002D8B8 /* pdfnet.res */; };
		BCFC4B3F1899734E00D657DF /* AVFoundation.framework in Frameworks */ = {isa = PBXBuildFile; fileRef = BCFC4B3E1899734E00D657DF /* AVFoundation.framework */; };
		BCFC4B411899735400D657DF /* MediaPlayer.framework in Frameworks */ = {isa = PBXBuildFile; fileRef = BCFC4B401899735400D657DF /* MediaPlayer.framework */; };
/* End PBXBuildFile section */

/* Begin PBXFileReference section */
		BC5CEC3717A1ED5200405806 /* PTTest.app */ = {isa = PBXFileReference; explicitFileType = wrapper.application; includeInIndex = 0; path = PTTest.app; sourceTree = BUILT_PRODUCTS_DIR; };
		BC5CEC3A17A1ED5200405806 /* UIKit.framework */ = {isa = PBXFileReference; lastKnownFileType = wrapper.framework; name = UIKit.framework; path = System/Library/Frameworks/UIKit.framework; sourceTree = SDKROOT; };
		BC5CEC3C17A1ED5200405806 /* Foundation.framework */ = {isa = PBXFileReference; lastKnownFileType = wrapper.framework; name = Foundation.framework; path = System/Library/Frameworks/Foundation.framework; sourceTree = SDKROOT; };
		BC5CEC3E17A1ED5200405806 /* CoreGraphics.framework */ = {isa = PBXFileReference; lastKnownFileType = wrapper.framework; name = CoreGraphics.framework; path = System/Library/Frameworks/CoreGraphics.framework; sourceTree = SDKROOT; };
		BC5CEC4217A1ED5200405806 /* PTTest-Info.plist */ = {isa = PBXFileReference; lastKnownFileType = text.plist.xml; path = "PTTest-Info.plist"; sourceTree = "<group>"; };
		BC5CEC4417A1ED5200405806 /* en */ = {isa = PBXFileReference; lastKnownFileType = text.plist.strings; name = en; path = en.lproj/InfoPlist.strings; sourceTree = "<group>"; };
		BC5CEC4617A1ED5200405806 /* main.m */ = {isa = PBXFileReference; lastKnownFileType = sourcecode.c.objc; path = main.m; sourceTree = "<group>"; };
		BC5CEC4817A1ED5300405806 /* PTTest-Prefix.pch */ = {isa = PBXFileReference; lastKnownFileType = sourcecode.c.h; path = "PTTest-Prefix.pch"; sourceTree = "<group>"; };
		BC5CEC4917A1ED5300405806 /* AppDelegate.h */ = {isa = PBXFileReference; lastKnownFileType = sourcecode.c.h; path = AppDelegate.h; sourceTree = "<group>"; };
		BC5CEC4A17A1ED5300405806 /* AppDelegate.mm */ = {isa = PBXFileReference; lastKnownFileType = sourcecode.cpp.objcpp; path = AppDelegate.mm; sourceTree = "<group>"; };
		BC5CEC4C17A1ED5300405806 /* Default.png */ = {isa = PBXFileReference; lastKnownFileType = image.png; path = Default.png; sourceTree = "<group>"; };
		BC5CEC4E17A1ED5300405806 /* Default@2x.png */ = {isa = PBXFileReference; lastKnownFileType = image.png; path = "Default@2x.png"; sourceTree = "<group>"; };
		BC5CEC5017A1ED5300405806 /* Default-568h@2x.png */ = {isa = PBXFileReference; lastKnownFileType = image.png; path = "Default-568h@2x.png"; sourceTree = "<group>"; };
		BC5CEC5217A1ED5300405806 /* ViewController.h */ = {isa = PBXFileReference; lastKnownFileType = sourcecode.c.h; path = ViewController.h; sourceTree = "<group>"; };
		BC5CEC5317A1ED5300405806 /* ViewController.m */ = {isa = PBXFileReference; lastKnownFileType = sourcecode.c.objc; path = ViewController.m; sourceTree = "<group>"; };
		BC5CEC5617A1ED5400405806 /* en */ = {isa = PBXFileReference; lastKnownFileType = file.xib; name = en; path = en.lproj/ViewController.xib; sourceTree = "<group>"; };
		BC5CEC9E17A1F4B000405806 /* NSObjectInitWithCptr.h */ = {isa = PBXFileReference; fileEncoding = 4; lastKnownFileType = sourcecode.c.h; path = NSObjectInitWithCptr.h; sourceTree = "<group>"; };
		BC5CEC9F17A1F4B000405806 /* NSObjectInitWithCptr.m */ = {isa = PBXFileReference; fileEncoding = 4; lastKnownFileType = sourcecode.c.objc; path = NSObjectInitWithCptr.m; sourceTree = "<group>"; };
		BC5CECAB17A1F4B000405806 /* PopupIcon.png */ = {isa = PBXFileReference; lastKnownFileType = image.png; path = PopupIcon.png; sourceTree = "<group>"; };
		BC5CECC117A1F4B000405806 /* libTools.a */ = {isa = PBXFileReference; lastKnownFileType = archive.ar; path = libTools.a; sourceTree = "<group>"; };
		BC5CECC317A1F4B000405806 /* mech.pdf */ = {isa = PBXFileReference; lastKnownFileType = image.pdf; path = mech.pdf; sourceTree = "<group>"; };
		BC5CECC417A1F4B000405806 /* pass_is_macosx.pdf */ = {isa = PBXFileReference; lastKnownFileType = image.pdf; path = pass_is_macosx.pdf; sourceTree = "<group>"; };
		BC5CECD817A1F4CF00405806 /* QuartzCore.framework */ = {isa = PBXFileReference; lastKnownFileType = wrapper.framework; name = QuartzCore.framework; path = System/Library/Frameworks/QuartzCore.framework; sourceTree = SDKROOT; };
		BC5CECDA17A1F4D700405806 /* CoreText.framework */ = {isa = PBXFileReference; lastKnownFileType = wrapper.framework; name = CoreText.framework; path = System/Library/Frameworks/CoreText.framework; sourceTree = SDKROOT; };
		BCB1FB4D18D0C93C0002D8B8 /* PanTool.h */ = {isa = PBXFileReference; lastKnownFileType = sourcecode.c.h; path = PanTool.h; sourceTree = "<group>"; };
		BCB1FB4E18D0C93C0002D8B8 /* ToolManager.h */ = {isa = PBXFileReference; lastKnownFileType = sourcecode.c.h; path = ToolManager.h; sourceTree = "<group>"; };
		BCB1FB5018D0DD1E0002D8B8 /* PDFNet.framework */ = {isa = PBXFileReference; lastKnownFileType = wrapper.framework; name = PDFNet.framework; path = Lib/PDFNet.framework; sourceTree = "<group>"; };
		BCB1FB5218D10C600002D8B8 /* Tool.h */ = {isa = PBXFileReference; fileEncoding = 4; lastKnownFileType = sourcecode.c.h; path = Tool.h; sourceTree = "<group>"; };
		BCB1FB5318D10F310002D8B8 /* pdfnet.res */ = {isa = PBXFileReference; lastKnownFileType = file; path = pdfnet.res; sourceTree = "<group>"; };
		BCFC4B3E1899734E00D657DF /* AVFoundation.framework */ = {isa = PBXFileReference; lastKnownFileType = wrapper.framework; name = AVFoundation.framework; path = System/Library/Frameworks/AVFoundation.framework; sourceTree = SDKROOT; };
		BCFC4B401899735400D657DF /* MediaPlayer.framework */ = {isa = PBXFileReference; lastKnownFileType = wrapper.framework; name = MediaPlayer.framework; path = System/Library/Frameworks/MediaPlayer.framework; sourceTree = SDKROOT; };
/* End PBXFileReference section */

/* Begin PBXFrameworksBuildPhase section */
		BC5CEC3417A1ED5200405806 /* Frameworks */ = {
			isa = PBXFrameworksBuildPhase;
			buildActionMask = 2147483647;
			files = (
				BCFC4B411899735400D657DF /* MediaPlayer.framework in Frameworks */,
				BCFC4B3F1899734E00D657DF /* AVFoundation.framework in Frameworks */,
				BC5CECDB17A1F4D700405806 /* CoreText.framework in Frameworks */,
				BC5CECD917A1F4CF00405806 /* QuartzCore.framework in Frameworks */,
				BC5CEC3B17A1ED5200405806 /* UIKit.framework in Frameworks */,
				BC5CEC3D17A1ED5200405806 /* Foundation.framework in Frameworks */,
				BC5CEC3F17A1ED5200405806 /* CoreGraphics.framework in Frameworks */,
				BC5CECD517A1F4B000405806 /* libTools.a in Frameworks */,
				BCB1FB5118D0DD1E0002D8B8 /* PDFNet.framework in Frameworks */,
			);
			runOnlyForDeploymentPostprocessing = 0;
		};
/* End PBXFrameworksBuildPhase section */

/* Begin PBXGroup section */
		BC5CEC2E17A1ED5100405806 = {
			isa = PBXGroup;
			children = (
				BC5CEC9B17A1F4B000405806 /* Headers */,
				BC5CECA717A1F4B000405806 /* Lib */,
				BC5CECC217A1F4B000405806 /* Test Files */,
				BC5CEC4017A1ED5200405806 /* PTTest */,
				BC5CEC3917A1ED5200405806 /* Frameworks */,
				BC5CEC3817A1ED5200405806 /* Products */,
			);
			sourceTree = "<group>";
		};
		BC5CEC3817A1ED5200405806 /* Products */ = {
			isa = PBXGroup;
			children = (
				BC5CEC3717A1ED5200405806 /* PTTest.app */,
			);
			name = Products;
			sourceTree = "<group>";
		};
		BC5CEC3917A1ED5200405806 /* Frameworks */ = {
			isa = PBXGroup;
			children = (
				BCB1FB5018D0DD1E0002D8B8 /* PDFNet.framework */,
				BCFC4B401899735400D657DF /* MediaPlayer.framework */,
				BCFC4B3E1899734E00D657DF /* AVFoundation.framework */,
				BC5CECDA17A1F4D700405806 /* CoreText.framework */,
				BC5CECD817A1F4CF00405806 /* QuartzCore.framework */,
				BC5CEC3A17A1ED5200405806 /* UIKit.framework */,
				BC5CEC3C17A1ED5200405806 /* Foundation.framework */,
				BC5CEC3E17A1ED5200405806 /* CoreGraphics.framework */,
			);
			name = Frameworks;
			sourceTree = "<group>";
		};
		BC5CEC4017A1ED5200405806 /* PTTest */ = {
			isa = PBXGroup;
			children = (
				BC5CEC4917A1ED5300405806 /* AppDelegate.h */,
				BC5CEC4A17A1ED5300405806 /* AppDelegate.mm */,
				BC5CEC5217A1ED5300405806 /* ViewController.h */,
				BC5CEC5317A1ED5300405806 /* ViewController.m */,
				BC5CEC5517A1ED5400405806 /* ViewController.xib */,
				BC5CEC4117A1ED5200405806 /* Supporting Files */,
			);
			path = PTTest;
			sourceTree = "<group>";
		};
		BC5CEC4117A1ED5200405806 /* Supporting Files */ = {
			isa = PBXGroup;
			children = (
				BC5CEC4217A1ED5200405806 /* PTTest-Info.plist */,
				BC5CEC4317A1ED5200405806 /* InfoPlist.strings */,
				BC5CEC4617A1ED5200405806 /* main.m */,
				BC5CEC4817A1ED5300405806 /* PTTest-Prefix.pch */,
				BC5CEC4C17A1ED5300405806 /* Default.png */,
				BC5CEC4E17A1ED5300405806 /* Default@2x.png */,
				BC5CEC5017A1ED5300405806 /* Default-568h@2x.png */,
			);
			name = "Supporting Files";
			sourceTree = "<group>";
		};
		BC5CEC9B17A1F4B000405806 /* Headers */ = {
			isa = PBXGroup;
			children = (
				BC5CEC9D17A1F4B000405806 /* ObjC */,
			);
			path = Headers;
			sourceTree = "<group>";
		};
		BC5CEC9D17A1F4B000405806 /* ObjC */ = {
			isa = PBXGroup;
			children = (
				BC5CEC9E17A1F4B000405806 /* NSObjectInitWithCptr.h */,
				BC5CEC9F17A1F4B000405806 /* NSObjectInitWithCptr.m */,
				BC5CECA417A1F4B000405806 /* Tools */,
			);
			path = ObjC;
			sourceTree = "<group>";
		};
		BC5CECA417A1F4B000405806 /* Tools */ = {
			isa = PBXGroup;
			children = (
				BCB1FB5218D10C600002D8B8 /* Tool.h */,
				BCB1FB4D18D0C93C0002D8B8 /* PanTool.h */,
				BCB1FB4E18D0C93C0002D8B8 /* ToolManager.h */,
			);
			path = Tools;
			sourceTree = "<group>";
		};
		BC5CECA717A1F4B000405806 /* Lib */ = {
			isa = PBXGroup;
			children = (
				BCB1FB5318D10F310002D8B8 /* pdfnet.res */,
				BC5CECA917A1F4B000405806 /* libTools Required Files */,
				BC5CECC117A1F4B000405806 /* libTools.a */,
			);
			path = Lib;
			sourceTree = "<group>";
		};
		BC5CECA917A1F4B000405806 /* libTools Required Files */ = {
			isa = PBXGroup;
			children = (
				BC5CECAB17A1F4B000405806 /* PopupIcon.png */,
			);
			path = "libTools Required Files";
			sourceTree = "<group>";
		};
		BC5CECC217A1F4B000405806 /* Test Files */ = {
			isa = PBXGroup;
			children = (
				BC5CECC317A1F4B000405806 /* mech.pdf */,
				BC5CECC417A1F4B000405806 /* pass_is_macosx.pdf */,
			);
			path = "Test Files";
			sourceTree = "<group>";
		};
/* End PBXGroup section */

/* Begin PBXNativeTarget section */
		BC5CEC3617A1ED5200405806 /* PTTest */ = {
			isa = PBXNativeTarget;
			buildConfigurationList = BC5CEC5A17A1ED5400405806 /* Build configuration list for PBXNativeTarget "PTTest" */;
			buildPhases = (
				BC5CEC3317A1ED5200405806 /* Sources */,
				BC5CEC3417A1ED5200405806 /* Frameworks */,
				BC5CEC3517A1ED5200405806 /* Resources */,
			);
			buildRules = (
			);
			dependencies = (
			);
			name = PTTest;
			productName = PTTest;
			productReference = BC5CEC3717A1ED5200405806 /* PTTest.app */;
			productType = "com.apple.product-type.application";
		};
/* End PBXNativeTarget section */

/* Begin PBXProject section */
		BC5CEC2F17A1ED5200405806 /* Project object */ = {
			isa = PBXProject;
			attributes = {
				LastUpgradeCheck = 0460;
				ORGANIZATIONNAME = PDFTron;
			};
			buildConfigurationList = BC5CEC3217A1ED5200405806 /* Build configuration list for PBXProject "PTTest" */;
			compatibilityVersion = "Xcode 3.2";
			developmentRegion = English;
			hasScannedForEncodings = 0;
			knownRegions = (
				en,
			);
			mainGroup = BC5CEC2E17A1ED5100405806;
			productRefGroup = BC5CEC3817A1ED5200405806 /* Products */;
			projectDirPath = "";
			projectRoot = "";
			targets = (
				BC5CEC3617A1ED5200405806 /* PTTest */,
			);
		};
/* End PBXProject section */

/* Begin PBXResourcesBuildPhase section */
		BC5CEC3517A1ED5200405806 /* Resources */ = {
			isa = PBXResourcesBuildPhase;
			buildActionMask = 2147483647;
			files = (
				BC5CEC4517A1ED5200405806 /* InfoPlist.strings in Resources */,
				BC5CEC4D17A1ED5300405806 /* Default.png in Resources */,
				BC5CEC4F17A1ED5300405806 /* Default@2x.png in Resources */,
				BC5CEC5117A1ED5300405806 /* Default-568h@2x.png in Resources */,
				BC5CEC5717A1ED5400405806 /* ViewController.xib in Resources */,
				BCB1FB5418D10F630002D8B8 /* pdfnet.res in Resources */,
				BC5CECC817A1F4B000405806 /* PopupIcon.png in Resources */,
				BC5CECD617A1F4B000405806 /* mech.pdf in Resources */,
				BC5CECD717A1F4B000405806 /* pass_is_macosx.pdf in Resources */,
			);
			runOnlyForDeploymentPostprocessing = 0;
		};
/* End PBXResourcesBuildPhase section */

/* Begin PBXSourcesBuildPhase section */
		BC5CEC3317A1ED5200405806 /* Sources */ = {
			isa = PBXSourcesBuildPhase;
			buildActionMask = 2147483647;
			files = (
				BC5CEC4717A1ED5200405806 /* main.m in Sources */,
				BC5CEC4B17A1ED5300405806 /* AppDelegate.mm in Sources */,
				BC5CEC5417A1ED5300405806 /* ViewController.m in Sources */,
				BC5CECC517A1F4B000405806 /* NSObjectInitWithCptr.m in Sources */,
			);
			runOnlyForDeploymentPostprocessing = 0;
		};
/* End PBXSourcesBuildPhase section */

/* Begin PBXVariantGroup section */
		BC5CEC4317A1ED5200405806 /* InfoPlist.strings */ = {
			isa = PBXVariantGroup;
			children = (
				BC5CEC4417A1ED5200405806 /* en */,
			);
			name = InfoPlist.strings;
			sourceTree = "<group>";
		};
		BC5CEC5517A1ED5400405806 /* ViewController.xib */ = {
			isa = PBXVariantGroup;
			children = (
				BC5CEC5617A1ED5400405806 /* en */,
			);
			name = ViewController.xib;
			sourceTree = "<group>";
		};
/* End PBXVariantGroup section */

/* Begin XCBuildConfiguration section */
		BC5CEC5817A1ED5400405806 /* Debug */ = {
			isa = XCBuildConfiguration;
			buildSettings = {
				ALWAYS_SEARCH_USER_PATHS = NO;
				CLANG_CXX_LANGUAGE_STANDARD = "gnu++0x";
				CLANG_CXX_LIBRARY = "libstdc++";
				CLANG_ENABLE_OBJC_ARC = YES;
				CLANG_WARN_CONSTANT_CONVERSION = YES;
				CLANG_WARN_EMPTY_BODY = YES;
				CLANG_WARN_ENUM_CONVERSION = YES;
				CLANG_WARN_INT_CONVERSION = YES;
				CLANG_WARN__DUPLICATE_METHOD_MATCH = YES;
				"CODE_SIGN_IDENTITY[sdk=iphoneos*]" = "iPhone Developer";
				COPY_PHASE_STRIP = NO;
				GCC_C_LANGUAGE_STANDARD = gnu99;
				GCC_DYNAMIC_NO_PIC = NO;
				GCC_OPTIMIZATION_LEVEL = 0;
				GCC_PREPROCESSOR_DEFINITIONS = (
					"DEBUG=1",
					"$(inherited)",
				);
				GCC_SYMBOLS_PRIVATE_EXTERN = NO;
				GCC_WARN_ABOUT_RETURN_TYPE = YES;
				GCC_WARN_UNINITIALIZED_AUTOS = YES;
				GCC_WARN_UNUSED_VARIABLE = YES;
				IPHONEOS_DEPLOYMENT_TARGET = 6.1;
				ONLY_ACTIVE_ARCH = YES;
				OTHER_LDFLAGS = "-lstdc++";
				SDKROOT = iphoneos;
				TARGETED_DEVICE_FAMILY = 2;
			};
			name = Debug;
		};
		BC5CEC5917A1ED5400405806 /* Release */ = {
			isa = XCBuildConfiguration;
			buildSettings = {
				ALWAYS_SEARCH_USER_PATHS = NO;
				CLANG_CXX_LANGUAGE_STANDARD = "gnu++0x";
				CLANG_CXX_LIBRARY = "libstdc++";
				CLANG_ENABLE_OBJC_ARC = YES;
				CLANG_WARN_CONSTANT_CONVERSION = YES;
				CLANG_WARN_EMPTY_BODY = YES;
				CLANG_WARN_ENUM_CONVERSION = YES;
				CLANG_WARN_INT_CONVERSION = YES;
				CLANG_WARN__DUPLICATE_METHOD_MATCH = YES;
				"CODE_SIGN_IDENTITY[sdk=iphoneos*]" = "iPhone Developer";
				COPY_PHASE_STRIP = YES;
				GCC_C_LANGUAGE_STANDARD = gnu99;
				GCC_WARN_ABOUT_RETURN_TYPE = YES;
				GCC_WARN_UNINITIALIZED_AUTOS = YES;
				GCC_WARN_UNUSED_VARIABLE = YES;
				IPHONEOS_DEPLOYMENT_TARGET = 6.1;
				OTHER_CFLAGS = "-DNS_BLOCK_ASSERTIONS=1";
				OTHER_LDFLAGS = "-lstdc++";
				SDKROOT = iphoneos;
				TARGETED_DEVICE_FAMILY = 2;
				VALIDATE_PRODUCT = YES;
			};
			name = Release;
		};
		BC5CEC5B17A1ED5400405806 /* Debug */ = {
			isa = XCBuildConfiguration;
			buildSettings = {
				CLANG_CXX_LIBRARY = "libc++";
				FRAMEWORK_SEARCH_PATHS = (
					../../Lib/,
					"$(PROJECT_DIR)/Lib",
				);
				GCC_PRECOMPILE_PREFIX_HEADER = YES;
				GCC_PREFIX_HEADER = "PTTest/PTTest-Prefix.pch";
				HEADER_SEARCH_PATHS = /Applications/Xcode.app/Contents/Developer/Toolchains/XcodeDefault.xctoolchain/usr/include;
				INFOPLIST_FILE = "PTTest/PTTest-Info.plist";
				LIBRARY_SEARCH_PATHS = "$(PROJECT_DIR)/Lib";
				OTHER_LDFLAGS = "";
				PRODUCT_NAME = "$(TARGET_NAME)";
				WRAPPER_EXTENSION = app;
			};
			name = Debug;
		};
		BC5CEC5C17A1ED5400405806 /* Release */ = {
			isa = XCBuildConfiguration;
			buildSettings = {
				CLANG_CXX_LIBRARY = "libc++";
				FRAMEWORK_SEARCH_PATHS = (
					../../Lib/,
					"$(PROJECT_DIR)/Lib",
				);
				GCC_PRECOMPILE_PREFIX_HEADER = YES;
				GCC_PREFIX_HEADER = "PTTest/PTTest-Prefix.pch";
				HEADER_SEARCH_PATHS = /Applications/Xcode.app/Contents/Developer/Toolchains/XcodeDefault.xctoolchain/usr/include;
				INFOPLIST_FILE = "PTTest/PTTest-Info.plist";
				LIBRARY_SEARCH_PATHS = "$(PROJECT_DIR)/Lib";
				OTHER_LDFLAGS = "";
				PRODUCT_NAME = "$(TARGET_NAME)";
				WRAPPER_EXTENSION = app;
			};
			name = Release;
		};
/* End XCBuildConfiguration section */

/* Begin XCConfigurationList section */
		BC5CEC3217A1ED5200405806 /* Build configuration list for PBXProject "PTTest" */ = {
			isa = XCConfigurationList;
			buildConfigurations = (
				BC5CEC5817A1ED5400405806 /* Debug */,
				BC5CEC5917A1ED5400405806 /* Release */,
			);
			defaultConfigurationIsVisible = 0;
			defaultConfigurationName = Release;
		};
		BC5CEC5A17A1ED5400405806 /* Build configuration list for PBXNativeTarget "PTTest" */ = {
			isa = XCConfigurationList;
			buildConfigurations = (
				BC5CEC5B17A1ED5400405806 /* Debug */,
				BC5CEC5C17A1ED5400405806 /* Release */,
			);
			defaultConfigurationIsVisible = 0;
			defaultConfigurationName = Release;
		};
/* End XCConfigurationList section */
	};
	rootObject = BC5CEC2F17A1ED5200405806 /* Project object */;
}
