// !$*UTF8*$!
{
	archiveVersion = 1;
	classes = {
	};
	objectVersion = 46;
	objects = {

/* Begin PBXBuildFile section */
		BC5CEC3B17A1ED5200405806 /* UIKit.framework in Frameworks */ = {isa = PBXBuildFile; fileRef = BC5CEC3A17A1ED5200405806 /* UIKit.framework */; };
		BC5CEC3D17A1ED5200405806 /* Foundation.framework in Frameworks */ = {isa = PBXBuildFile; fileRef = BC5CEC3C17A1ED5200405806 /* Foundation.framework */; };
		BC5CEC3F17A1ED5200405806 /* CoreGraphics.framework in Frameworks */ = {isa = PBXBuildFile; fileRef = BC5CEC3E17A1ED5200405806 /* CoreGraphics.framework */; };
		BC5CEC4517A1ED5200405806 /* InfoPlist.strings in Resources */ = {isa = PBXBuildFile; fileRef = BC5CEC4317A1ED5200405806 /* InfoPlist.strings */; };
		BC5CEC4717A1ED5200405806 /* main.m in Sources */ = {isa = PBXBuildFile; fileRef = BC5CEC4617A1ED5200405806 /* main.m */; };
		BC5CEC4B17A1ED5300405806 /* AppDelegate.m in Sources */ = {isa = PBXBuildFile; fileRef = BC5CEC4A17A1ED5300405806 /* AppDelegate.m */; };
		BC5CEC4D17A1ED5300405806 /* Default.png in Resources */ = {isa = PBXBuildFile; fileRef = BC5CEC4C17A1ED5300405806 /* Default.png */; };
		BC5CEC4F17A1ED5300405806 /* Default@2x.png in Resources */ = {isa = PBXBuildFile; fileRef = BC5CEC4E17A1ED5300405806 /* Default@2x.png */; };
		BC5CEC5117A1ED5300405806 /* Default-568h@2x.png in Resources */ = {isa = PBXBuildFile; fileRef = BC5CEC5017A1ED5300405806 /* Default-568h@2x.png */; };
		BC5CEC5417A1ED5300405806 /* ViewController.m in Sources */ = {isa = PBXBuildFile; fileRef = BC5CEC5317A1ED5300405806 /* ViewController.m */; };
		BC5CEC5717A1ED5400405806 /* ViewController.xib in Resources */ = {isa = PBXBuildFile; fileRef = BC5CEC5517A1ED5400405806 /* ViewController.xib */; };
		BC5CECC517A1F4B000405806 /* NSObjectInitWithCptr.m in Sources */ = {isa = PBXBuildFile; fileRef = BC5CEC9F17A1F4B000405806 /* NSObjectInitWithCptr.m */; settings = {COMPILER_FLAGS = "-fno-objc-arc"; }; };
		BC5CECC617A1F4B000405806 /* libPDFNet.a in Frameworks */ = {isa = PBXBuildFile; fileRef = BC5CECA817A1F4B000405806 /* libPDFNet.a */; };
		BC5CECC717A1F4B000405806 /* loupe.png in Resources */ = {isa = PBXBuildFile; fileRef = BC5CECAA17A1F4B000405806 /* loupe.png */; };
		BC5CECC817A1F4B000405806 /* PopupIcon.png in Resources */ = {isa = PBXBuildFile; fileRef = BC5CECAB17A1F4B000405806 /* PopupIcon.png */; };
		BC5CECC917A1F4B000405806 /* select_ball.png in Resources */ = {isa = PBXBuildFile; fileRef = BC5CECAC17A1F4B000405806 /* select_ball.png */; };
		BC5CECCA17A1F4B000405806 /* select_ball@2x.png in Resources */ = {isa = PBXBuildFile; fileRef = BC5CECAD17A1F4B000405806 /* select_ball@2x.png */; };
		BC5CECCB17A1F4B000405806 /* bar_select.png in Resources */ = {isa = PBXBuildFile; fileRef = BC5CECB017A1F4B000405806 /* bar_select.png */; };
		BC5CECCC17A1F4B000405806 /* colormap.png in Resources */ = {isa = PBXBuildFile; fileRef = BC5CECB117A1F4B000405806 /* colormap.png */; };
		BC5CECCD17A1F4B000405806 /* ColorPickerView.m in Sources */ = {isa = PBXBuildFile; fileRef = BC5CECB317A1F4B000405806 /* ColorPickerView.m */; settings = {COMPILER_FLAGS = "-fno-objc-arc"; }; };
		BC5CECCE17A1F4B000405806 /* ColorPickerViewController.m in Sources */ = {isa = PBXBuildFile; fileRef = BC5CECB517A1F4B000405806 /* ColorPickerViewController.m */; settings = {COMPILER_FLAGS = "-fno-objc-arc"; }; };
		BC5CECCF17A1F4B000405806 /* ColorPickerViewController.xib in Resources */ = {isa = PBXBuildFile; fileRef = BC5CECB617A1F4B000405806 /* ColorPickerViewController.xib */; };
		BC5CECD017A1F4B000405806 /* ColorSwatchView.m in Sources */ = {isa = PBXBuildFile; fileRef = BC5CECB817A1F4B000405806 /* ColorSwatchView.m */; settings = {COMPILER_FLAGS = "-fno-objc-arc"; }; };
		BC5CECD117A1F4B000405806 /* crosshair.png in Resources */ = {isa = PBXBuildFile; fileRef = BC5CECBA17A1F4B000405806 /* crosshair.png */; };
		BC5CECD217A1F4B000405806 /* GradientView.m in Sources */ = {isa = PBXBuildFile; fileRef = BC5CECBC17A1F4B000405806 /* GradientView.m */; settings = {COMPILER_FLAGS = "-fno-objc-arc"; }; };
		BC5CECD317A1F4B000405806 /* UIColor-Expanded.m in Sources */ = {isa = PBXBuildFile; fileRef = BC5CECBE17A1F4B000405806 /* UIColor-Expanded.m */; settings = {COMPILER_FLAGS = "-fno-objc-arc"; }; };
		BC5CECD417A1F4B000405806 /* UIColor-HSVAdditions.m in Sources */ = {isa = PBXBuildFile; fileRef = BC5CECC017A1F4B000405806 /* UIColor-HSVAdditions.m */; settings = {COMPILER_FLAGS = "-fno-objc-arc"; }; };
		BC5CECD517A1F4B000405806 /* libTools.a in Frameworks */ = {isa = PBXBuildFile; fileRef = BC5CECC117A1F4B000405806 /* libTools.a */; };
		BC5CECD617A1F4B000405806 /* mech.pdf in Resources */ = {isa = PBXBuildFile; fileRef = BC5CECC317A1F4B000405806 /* mech.pdf */; };
		BC5CECD717A1F4B000405806 /* pass_is_macosx.pdf in Resources */ = {isa = PBXBuildFile; fileRef = BC5CECC417A1F4B000405806 /* pass_is_macosx.pdf */; };
		BC5CECD917A1F4CF00405806 /* QuartzCore.framework in Frameworks */ = {isa = PBXBuildFile; fileRef = BC5CECD817A1F4CF00405806 /* QuartzCore.framework */; };
		BC5CECDB17A1F4D700405806 /* CoreText.framework in Frameworks */ = {isa = PBXBuildFile; fileRef = BC5CECDA17A1F4D700405806 /* CoreText.framework */; };
/* End PBXBuildFile section */

/* Begin PBXFileReference section */
		BC5CEC3717A1ED5200405806 /* PTTest.app */ = {isa = PBXFileReference; explicitFileType = wrapper.application; includeInIndex = 0; path = PTTest.app; sourceTree = BUILT_PRODUCTS_DIR; };
		BC5CEC3A17A1ED5200405806 /* UIKit.framework */ = {isa = PBXFileReference; lastKnownFileType = wrapper.framework; name = UIKit.framework; path = System/Library/Frameworks/UIKit.framework; sourceTree = SDKROOT; };
		BC5CEC3C17A1ED5200405806 /* Foundation.framework */ = {isa = PBXFileReference; lastKnownFileType = wrapper.framework; name = Foundation.framework; path = System/Library/Frameworks/Foundation.framework; sourceTree = SDKROOT; };
		BC5CEC3E17A1ED5200405806 /* CoreGraphics.framework */ = {isa = PBXFileReference; lastKnownFileType = wrapper.framework; name = CoreGraphics.framework; path = System/Library/Frameworks/CoreGraphics.framework; sourceTree = SDKROOT; };
		BC5CEC4217A1ED5200405806 /* PTTest-Info.plist */ = {isa = PBXFileReference; lastKnownFileType = text.plist.xml; path = "PTTest-Info.plist"; sourceTree = "<group>"; };
		BC5CEC4417A1ED5200405806 /* en */ = {isa = PBXFileReference; lastKnownFileType = text.plist.strings; name = en; path = en.lproj/InfoPlist.strings; sourceTree = "<group>"; };
		BC5CEC4617A1ED5200405806 /* main.m */ = {isa = PBXFileReference; lastKnownFileType = sourcecode.c.objc; path = main.m; sourceTree = "<group>"; };
		BC5CEC4817A1ED5300405806 /* PTTest-Prefix.pch */ = {isa = PBXFileReference; lastKnownFileType = sourcecode.c.h; path = "PTTest-Prefix.pch"; sourceTree = "<group>"; };
		BC5CEC4917A1ED5300405806 /* AppDelegate.h */ = {isa = PBXFileReference; lastKnownFileType = sourcecode.c.h; path = AppDelegate.h; sourceTree = "<group>"; };
		BC5CEC4A17A1ED5300405806 /* AppDelegate.m */ = {isa = PBXFileReference; lastKnownFileType = sourcecode.c.objc; path = AppDelegate.m; sourceTree = "<group>"; };
		BC5CEC4C17A1ED5300405806 /* Default.png */ = {isa = PBXFileReference; lastKnownFileType = image.png; path = Default.png; sourceTree = "<group>"; };
		BC5CEC4E17A1ED5300405806 /* Default@2x.png */ = {isa = PBXFileReference; lastKnownFileType = image.png; path = "Default@2x.png"; sourceTree = "<group>"; };
		BC5CEC5017A1ED5300405806 /* Default-568h@2x.png */ = {isa = PBXFileReference; lastKnownFileType = image.png; path = "Default-568h@2x.png"; sourceTree = "<group>"; };
		BC5CEC5217A1ED5300405806 /* ViewController.h */ = {isa = PBXFileReference; lastKnownFileType = sourcecode.c.h; path = ViewController.h; sourceTree = "<group>"; };
		BC5CEC5317A1ED5300405806 /* ViewController.m */ = {isa = PBXFileReference; lastKnownFileType = sourcecode.c.objc; path = ViewController.m; sourceTree = "<group>"; };
		BC5CEC5617A1ED5400405806 /* en */ = {isa = PBXFileReference; lastKnownFileType = file.xib; name = en; path = en.lproj/ViewController.xib; sourceTree = "<group>"; };
		BC5CEC9E17A1F4B000405806 /* NSObjectInitWithCptr.h */ = {isa = PBXFileReference; fileEncoding = 4; lastKnownFileType = sourcecode.c.h; path = NSObjectInitWithCptr.h; sourceTree = "<group>"; };
		BC5CEC9F17A1F4B000405806 /* NSObjectInitWithCptr.m */ = {isa = PBXFileReference; fileEncoding = 4; lastKnownFileType = sourcecode.c.objc; path = NSObjectInitWithCptr.m; sourceTree = "<group>"; };
		BC5CECA017A1F4B000405806 /* PDFNetOBJC.h */ = {isa = PBXFileReference; fileEncoding = 4; lastKnownFileType = sourcecode.c.h; path = PDFNetOBJC.h; sourceTree = "<group>"; };
		BC5CECA117A1F4B000405806 /* PDFViewCtrl.h */ = {isa = PBXFileReference; fileEncoding = 4; lastKnownFileType = sourcecode.c.h; path = PDFViewCtrl.h; sourceTree = "<group>"; };
		BC5CECA217A1F4B000405806 /* Print.h */ = {isa = PBXFileReference; fileEncoding = 4; lastKnownFileType = sourcecode.c.h; path = Print.h; sourceTree = "<group>"; };
		BC5CECA317A1F4B000405806 /* Private.h */ = {isa = PBXFileReference; fileEncoding = 4; lastKnownFileType = sourcecode.c.h; path = Private.h; sourceTree = "<group>"; };
		BC5CECA517A1F4B000405806 /* PanTool.h */ = {isa = PBXFileReference; fileEncoding = 4; lastKnownFileType = sourcecode.c.h; path = PanTool.h; sourceTree = "<group>"; };
		BC5CECA617A1F4B000405806 /* Tool.h */ = {isa = PBXFileReference; fileEncoding = 4; lastKnownFileType = sourcecode.c.h; path = Tool.h; sourceTree = "<group>"; };
		BC5CECA817A1F4B000405806 /* libPDFNet.a */ = {isa = PBXFileReference; lastKnownFileType = archive.ar; path = libPDFNet.a; sourceTree = "<group>"; };
		BC5CECAA17A1F4B000405806 /* loupe.png */ = {isa = PBXFileReference; lastKnownFileType = image.png; path = loupe.png; sourceTree = "<group>"; };
		BC5CECAB17A1F4B000405806 /* PopupIcon.png */ = {isa = PBXFileReference; lastKnownFileType = image.png; path = PopupIcon.png; sourceTree = "<group>"; };
		BC5CECAC17A1F4B000405806 /* select_ball.png */ = {isa = PBXFileReference; lastKnownFileType = image.png; path = select_ball.png; sourceTree = "<group>"; };
		BC5CECAD17A1F4B000405806 /* select_ball@2x.png */ = {isa = PBXFileReference; lastKnownFileType = image.png; path = "select_ball@2x.png"; sourceTree = "<group>"; };
		BC5CECB017A1F4B000405806 /* bar_select.png */ = {isa = PBXFileReference; lastKnownFileType = image.png; path = bar_select.png; sourceTree = "<group>"; };
		BC5CECB117A1F4B000405806 /* colormap.png */ = {isa = PBXFileReference; lastKnownFileType = image.png; path = colormap.png; sourceTree = "<group>"; };
		BC5CECB217A1F4B000405806 /* ColorPickerView.h */ = {isa = PBXFileReference; fileEncoding = 4; lastKnownFileType = sourcecode.c.h; path = ColorPickerView.h; sourceTree = "<group>"; };
		BC5CECB317A1F4B000405806 /* ColorPickerView.m */ = {isa = PBXFileReference; fileEncoding = 4; lastKnownFileType = sourcecode.c.objc; path = ColorPickerView.m; sourceTree = "<group>"; };
		BC5CECB417A1F4B000405806 /* ColorPickerViewController.h */ = {isa = PBXFileReference; fileEncoding = 4; lastKnownFileType = sourcecode.c.h; path = ColorPickerViewController.h; sourceTree = "<group>"; };
		BC5CECB517A1F4B000405806 /* ColorPickerViewController.m */ = {isa = PBXFileReference; fileEncoding = 4; lastKnownFileType = sourcecode.c.objc; path = ColorPickerViewController.m; sourceTree = "<group>"; };
		BC5CECB617A1F4B000405806 /* ColorPickerViewController.xib */ = {isa = PBXFileReference; fileEncoding = 4; lastKnownFileType = file.xib; path = ColorPickerViewController.xib; sourceTree = "<group>"; };
		BC5CECB717A1F4B000405806 /* ColorSwatchView.h */ = {isa = PBXFileReference; fileEncoding = 4; lastKnownFileType = sourcecode.c.h; path = ColorSwatchView.h; sourceTree = "<group>"; };
		BC5CECB817A1F4B000405806 /* ColorSwatchView.m */ = {isa = PBXFileReference; fileEncoding = 4; lastKnownFileType = sourcecode.c.objc; path = ColorSwatchView.m; sourceTree = "<group>"; };
		BC5CECB917A1F4B000405806 /* Constants.h */ = {isa = PBXFileReference; fileEncoding = 4; lastKnownFileType = sourcecode.c.h; path = Constants.h; sourceTree = "<group>"; };
		BC5CECBA17A1F4B000405806 /* crosshair.png */ = {isa = PBXFileReference; lastKnownFileType = image.png; path = crosshair.png; sourceTree = "<group>"; };
		BC5CECBB17A1F4B000405806 /* GradientView.h */ = {isa = PBXFileReference; fileEncoding = 4; lastKnownFileType = sourcecode.c.h; path = GradientView.h; sourceTree = "<group>"; };
		BC5CECBC17A1F4B000405806 /* GradientView.m */ = {isa = PBXFileReference; fileEncoding = 4; lastKnownFileType = sourcecode.c.objc; path = GradientView.m; sourceTree = "<group>"; };
		BC5CECBD17A1F4B000405806 /* UIColor-Expanded.h */ = {isa = PBXFileReference; fileEncoding = 4; lastKnownFileType = sourcecode.c.h; path = "UIColor-Expanded.h"; sourceTree = "<group>"; };
		BC5CECBE17A1F4B000405806 /* UIColor-Expanded.m */ = {isa = PBXFileReference; fileEncoding = 4; lastKnownFileType = sourcecode.c.objc; path = "UIColor-Expanded.m"; sourceTree = "<group>"; };
		BC5CECBF17A1F4B000405806 /* UIColor-HSVAdditions.h */ = {isa = PBXFileReference; fileEncoding = 4; lastKnownFileType = sourcecode.c.h; path = "UIColor-HSVAdditions.h"; sourceTree = "<group>"; };
		BC5CECC017A1F4B000405806 /* UIColor-HSVAdditions.m */ = {isa = PBXFileReference; fileEncoding = 4; lastKnownFileType = sourcecode.c.objc; path = "UIColor-HSVAdditions.m"; sourceTree = "<group>"; };
		BC5CECC117A1F4B000405806 /* libTools.a */ = {isa = PBXFileReference; lastKnownFileType = archive.ar; path = libTools.a; sourceTree = "<group>"; };
		BC5CECC317A1F4B000405806 /* mech.pdf */ = {isa = PBXFileReference; lastKnownFileType = image.pdf; path = mech.pdf; sourceTree = "<group>"; };
		BC5CECC417A1F4B000405806 /* pass_is_macosx.pdf */ = {isa = PBXFileReference; lastKnownFileType = image.pdf; path = pass_is_macosx.pdf; sourceTree = "<group>"; };
		BC5CECD817A1F4CF00405806 /* QuartzCore.framework */ = {isa = PBXFileReference; lastKnownFileType = wrapper.framework; name = QuartzCore.framework; path = System/Library/Frameworks/QuartzCore.framework; sourceTree = SDKROOT; };
		BC5CECDA17A1F4D700405806 /* CoreText.framework */ = {isa = PBXFileReference; lastKnownFileType = wrapper.framework; name = CoreText.framework; path = System/Library/Frameworks/CoreText.framework; sourceTree = SDKROOT; };
/* End PBXFileReference section */

/* Begin PBXFrameworksBuildPhase section */
		BC5CEC3417A1ED5200405806 /* Frameworks */ = {
			isa = PBXFrameworksBuildPhase;
			buildActionMask = 2147483647;
			files = (
				BC5CECDB17A1F4D700405806 /* CoreText.framework in Frameworks */,
				BC5CECD917A1F4CF00405806 /* QuartzCore.framework in Frameworks */,
				BC5CEC3B17A1ED5200405806 /* UIKit.framework in Frameworks */,
				BC5CEC3D17A1ED5200405806 /* Foundation.framework in Frameworks */,
				BC5CEC3F17A1ED5200405806 /* CoreGraphics.framework in Frameworks */,
				BC5CECC617A1F4B000405806 /* libPDFNet.a in Frameworks */,
				BC5CECD517A1F4B000405806 /* libTools.a in Frameworks */,
			);
			runOnlyForDeploymentPostprocessing = 0;
		};
/* End PBXFrameworksBuildPhase section */

/* Begin PBXGroup section */
		BC5CEC2E17A1ED5100405806 = {
			isa = PBXGroup;
			children = (
				BC5CEC9B17A1F4B000405806 /* Headers */,
				BC5CECA717A1F4B000405806 /* Lib */,
				BC5CECC217A1F4B000405806 /* Test Files */,
				BC5CEC4017A1ED5200405806 /* PTTest */,
				BC5CEC3917A1ED5200405806 /* Frameworks */,
				BC5CEC3817A1ED5200405806 /* Products */,
			);
			sourceTree = "<group>";
		};
		BC5CEC3817A1ED5200405806 /* Products */ = {
			isa = PBXGroup;
			children = (
				BC5CEC3717A1ED5200405806 /* PTTest.app */,
			);
			name = Products;
			sourceTree = "<group>";
		};
		BC5CEC3917A1ED5200405806 /* Frameworks */ = {
			isa = PBXGroup;
			children = (
				BC5CECDA17A1F4D700405806 /* CoreText.framework */,
				BC5CECD817A1F4CF00405806 /* QuartzCore.framework */,
				BC5CEC3A17A1ED5200405806 /* UIKit.framework */,
				BC5CEC3C17A1ED5200405806 /* Foundation.framework */,
				BC5CEC3E17A1ED5200405806 /* CoreGraphics.framework */,
			);
			name = Frameworks;
			sourceTree = "<group>";
		};
		BC5CEC4017A1ED5200405806 /* PTTest */ = {
			isa = PBXGroup;
			children = (
				BC5CEC4917A1ED5300405806 /* AppDelegate.h */,
				BC5CEC4A17A1ED5300405806 /* AppDelegate.m */,
				BC5CEC5217A1ED5300405806 /* ViewController.h */,
				BC5CEC5317A1ED5300405806 /* ViewController.m */,
				BC5CEC5517A1ED5400405806 /* ViewController.xib */,
				BC5CEC4117A1ED5200405806 /* Supporting Files */,
			);
			path = PTTest;
			sourceTree = "<group>";
		};
		BC5CEC4117A1ED5200405806 /* Supporting Files */ = {
			isa = PBXGroup;
			children = (
				BC5CEC4217A1ED5200405806 /* PTTest-Info.plist */,
				BC5CEC4317A1ED5200405806 /* InfoPlist.strings */,
				BC5CEC4617A1ED5200405806 /* main.m */,
				BC5CEC4817A1ED5300405806 /* PTTest-Prefix.pch */,
				BC5CEC4C17A1ED5300405806 /* Default.png */,
				BC5CEC4E17A1ED5300405806 /* Default@2x.png */,
				BC5CEC5017A1ED5300405806 /* Default-568h@2x.png */,
			);
			name = "Supporting Files";
			sourceTree = "<group>";
		};
		BC5CEC9B17A1F4B000405806 /* Headers */ = {
			isa = PBXGroup;
			children = (
				BC5CEC9C17A1F4B000405806 /* CPP */,
				BC5CEC9D17A1F4B000405806 /* ObjC */,
			);
			path = Headers;
			sourceTree = "<group>";
		};
		BC5CEC9C17A1F4B000405806 /* CPP */ = {
			isa = PBXGroup;
			children = (
			);
			path = CPP;
			sourceTree = "<group>";
		};
		BC5CEC9D17A1F4B000405806 /* ObjC */ = {
			isa = PBXGroup;
			children = (
				BC5CEC9E17A1F4B000405806 /* NSObjectInitWithCptr.h */,
				BC5CEC9F17A1F4B000405806 /* NSObjectInitWithCptr.m */,
				BC5CECA017A1F4B000405806 /* PDFNetOBJC.h */,
				BC5CECA117A1F4B000405806 /* PDFViewCtrl.h */,
				BC5CECA217A1F4B000405806 /* Print.h */,
				BC5CECA317A1F4B000405806 /* Private.h */,
				BC5CECA417A1F4B000405806 /* Tools */,
			);
			path = ObjC;
			sourceTree = "<group>";
		};
		BC5CECA417A1F4B000405806 /* Tools */ = {
			isa = PBXGroup;
			children = (
				BC5CECA517A1F4B000405806 /* PanTool.h */,
				BC5CECA617A1F4B000405806 /* Tool.h */,
			);
			path = Tools;
			sourceTree = "<group>";
		};
		BC5CECA717A1F4B000405806 /* Lib */ = {
			isa = PBXGroup;
			children = (
				BC5CECA817A1F4B000405806 /* libPDFNet.a */,
				BC5CECA917A1F4B000405806 /* libTools Required Files */,
				BC5CECC117A1F4B000405806 /* libTools.a */,
			);
			path = Lib;
			sourceTree = "<group>";
		};
		BC5CECA917A1F4B000405806 /* libTools Required Files */ = {
			isa = PBXGroup;
			children = (
				BC5CECAA17A1F4B000405806 /* loupe.png */,
				BC5CECAB17A1F4B000405806 /* PopupIcon.png */,
				BC5CECAC17A1F4B000405806 /* select_ball.png */,
				BC5CECAD17A1F4B000405806 /* select_ball@2x.png */,
				BC5CECAE17A1F4B000405806 /* Third Party */,
			);
			path = "libTools Required Files";
			sourceTree = "<group>";
		};
		BC5CECAE17A1F4B000405806 /* Third Party */ = {
			isa = PBXGroup;
			children = (
				BC5CECAF17A1F4B000405806 /* Color Picker */,
			);
			path = "Third Party";
			sourceTree = "<group>";
		};
		BC5CECAF17A1F4B000405806 /* Color Picker */ = {
			isa = PBXGroup;
			children = (
				BC5CECB017A1F4B000405806 /* bar_select.png */,
				BC5CECB117A1F4B000405806 /* colormap.png */,
				BC5CECB217A1F4B000405806 /* ColorPickerView.h */,
				BC5CECB317A1F4B000405806 /* ColorPickerView.m */,
				BC5CECB417A1F4B000405806 /* ColorPickerViewController.h */,
				BC5CECB517A1F4B000405806 /* ColorPickerViewController.m */,
				BC5CECB617A1F4B000405806 /* ColorPickerViewController.xib */,
				BC5CECB717A1F4B000405806 /* ColorSwatchView.h */,
				BC5CECB817A1F4B000405806 /* ColorSwatchView.m */,
				BC5CECB917A1F4B000405806 /* Constants.h */,
				BC5CECBA17A1F4B000405806 /* crosshair.png */,
				BC5CECBB17A1F4B000405806 /* GradientView.h */,
				BC5CECBC17A1F4B000405806 /* GradientView.m */,
				BC5CECBD17A1F4B000405806 /* UIColor-Expanded.h */,
				BC5CECBE17A1F4B000405806 /* UIColor-Expanded.m */,
				BC5CECBF17A1F4B000405806 /* UIColor-HSVAdditions.h */,
				BC5CECC017A1F4B000405806 /* UIColor-HSVAdditions.m */,
			);
			path = "Color Picker";
			sourceTree = "<group>";
		};
		BC5CECC217A1F4B000405806 /* Test Files */ = {
			isa = PBXGroup;
			children = (
				BC5CECC317A1F4B000405806 /* mech.pdf */,
				BC5CECC417A1F4B000405806 /* pass_is_macosx.pdf */,
			);
			path = "Test Files";
			sourceTree = "<group>";
		};
/* End PBXGroup section */

/* Begin PBXNativeTarget section */
		BC5CEC3617A1ED5200405806 /* PTTest */ = {
			isa = PBXNativeTarget;
			buildConfigurationList = BC5CEC5A17A1ED5400405806 /* Build configuration list for PBXNativeTarget "PTTest" */;
			buildPhases = (
				BC5CEC3317A1ED5200405806 /* Sources */,
				BC5CEC3417A1ED5200405806 /* Frameworks */,
				BC5CEC3517A1ED5200405806 /* Resources */,
			);
			buildRules = (
			);
			dependencies = (
			);
			name = PTTest;
			productName = PTTest;
			productReference = BC5CEC3717A1ED5200405806 /* PTTest.app */;
			productType = "com.apple.product-type.application";
		};
/* End PBXNativeTarget section */

/* Begin PBXProject section */
		BC5CEC2F17A1ED5200405806 /* Project object */ = {
			isa = PBXProject;
			attributes = {
				LastUpgradeCheck = 0460;
				ORGANIZATIONNAME = PDFTron;
			};
			buildConfigurationList = BC5CEC3217A1ED5200405806 /* Build configuration list for PBXProject "PTTest" */;
			compatibilityVersion = "Xcode 3.2";
			developmentRegion = English;
			hasScannedForEncodings = 0;
			knownRegions = (
				en,
			);
			mainGroup = BC5CEC2E17A1ED5100405806;
			productRefGroup = BC5CEC3817A1ED5200405806 /* Products */;
			projectDirPath = "";
			projectRoot = "";
			targets = (
				BC5CEC3617A1ED5200405806 /* PTTest */,
			);
		};
/* End PBXProject section */

/* Begin PBXResourcesBuildPhase section */
		BC5CEC3517A1ED5200405806 /* Resources */ = {
			isa = PBXResourcesBuildPhase;
			buildActionMask = 2147483647;
			files = (
				BC5CEC4517A1ED5200405806 /* InfoPlist.strings in Resources */,
				BC5CEC4D17A1ED5300405806 /* Default.png in Resources */,
				BC5CEC4F17A1ED5300405806 /* Default@2x.png in Resources */,
				BC5CEC5117A1ED5300405806 /* Default-568h@2x.png in Resources */,
				BC5CEC5717A1ED5400405806 /* ViewController.xib in Resources */,
				BC5CECC717A1F4B000405806 /* loupe.png in Resources */,
				BC5CECC817A1F4B000405806 /* PopupIcon.png in Resources */,
				BC5CECC917A1F4B000405806 /* select_ball.png in Resources */,
				BC5CECCA17A1F4B000405806 /* select_ball@2x.png in Resources */,
				BC5CECCB17A1F4B000405806 /* bar_select.png in Resources */,
				BC5CECCC17A1F4B000405806 /* colormap.png in Resources */,
				BC5CECCF17A1F4B000405806 /* ColorPickerViewController.xib in Resources */,
				BC5CECD117A1F4B000405806 /* crosshair.png in Resources */,
				BC5CECD617A1F4B000405806 /* mech.pdf in Resources */,
				BC5CECD717A1F4B000405806 /* pass_is_macosx.pdf in Resources */,
			);
			runOnlyForDeploymentPostprocessing = 0;
		};
/* End PBXResourcesBuildPhase section */

/* Begin PBXSourcesBuildPhase section */
		BC5CEC3317A1ED5200405806 /* Sources */ = {
			isa = PBXSourcesBuildPhase;
			buildActionMask = 2147483647;
			files = (
				BC5CEC4717A1ED5200405806 /* main.m in Sources */,
				BC5CEC4B17A1ED5300405806 /* AppDelegate.m in Sources */,
				BC5CEC5417A1ED5300405806 /* ViewController.m in Sources */,
				BC5CECC517A1F4B000405806 /* NSObjectInitWithCptr.m in Sources */,
				BC5CECCD17A1F4B000405806 /* ColorPickerView.m in Sources */,
				BC5CECCE17A1F4B000405806 /* ColorPickerViewController.m in Sources */,
				BC5CECD017A1F4B000405806 /* ColorSwatchView.m in Sources */,
				BC5CECD217A1F4B000405806 /* GradientView.m in Sources */,
				BC5CECD317A1F4B000405806 /* UIColor-Expanded.m in Sources */,
				BC5CECD417A1F4B000405806 /* UIColor-HSVAdditions.m in Sources */,
			);
			runOnlyForDeploymentPostprocessing = 0;
		};
/* End PBXSourcesBuildPhase section */

/* Begin PBXVariantGroup section */
		BC5CEC4317A1ED5200405806 /* InfoPlist.strings */ = {
			isa = PBXVariantGroup;
			children = (
				BC5CEC4417A1ED5200405806 /* en */,
			);
			name = InfoPlist.strings;
			sourceTree = "<group>";
		};
		BC5CEC5517A1ED5400405806 /* ViewController.xib */ = {
			isa = PBXVariantGroup;
			children = (
				BC5CEC5617A1ED5400405806 /* en */,
			);
			name = ViewController.xib;
			sourceTree = "<group>";
		};
/* End PBXVariantGroup section */

/* Begin XCBuildConfiguration section */
		BC5CEC5817A1ED5400405806 /* Debug */ = {
			isa = XCBuildConfiguration;
			buildSettings = {
				ALWAYS_SEARCH_USER_PATHS = NO;
				CLANG_CXX_LANGUAGE_STANDARD = "gnu++0x";
				CLANG_CXX_LIBRARY = "libstdc++";
				CLANG_ENABLE_OBJC_ARC = YES;
				CLANG_WARN_CONSTANT_CONVERSION = YES;
				CLANG_WARN_EMPTY_BODY = YES;
				CLANG_WARN_ENUM_CONVERSION = YES;
				CLANG_WARN_INT_CONVERSION = YES;
				CLANG_WARN__DUPLICATE_METHOD_MATCH = YES;
				"CODE_SIGN_IDENTITY[sdk=iphoneos*]" = "iPhone Developer";
				COPY_PHASE_STRIP = NO;
				GCC_C_LANGUAGE_STANDARD = gnu99;
				GCC_DYNAMIC_NO_PIC = NO;
				GCC_OPTIMIZATION_LEVEL = 0;
				GCC_PREPROCESSOR_DEFINITIONS = (
					"DEBUG=1",
					"$(inherited)",
				);
				GCC_SYMBOLS_PRIVATE_EXTERN = NO;
				GCC_WARN_ABOUT_RETURN_TYPE = YES;
				GCC_WARN_UNINITIALIZED_AUTOS = YES;
				GCC_WARN_UNUSED_VARIABLE = YES;
				IPHONEOS_DEPLOYMENT_TARGET = 6.1;
				ONLY_ACTIVE_ARCH = YES;
				OTHER_LDFLAGS = "-lstdc++";
				SDKROOT = iphoneos;
				TARGETED_DEVICE_FAMILY = 2;
			};
			name = Debug;
		};
		BC5CEC5917A1ED5400405806 /* Release */ = {
			isa = XCBuildConfiguration;
			buildSettings = {
				ALWAYS_SEARCH_USER_PATHS = NO;
				CLANG_CXX_LANGUAGE_STANDARD = "gnu++0x";
				CLANG_CXX_LIBRARY = "libstdc++";
				CLANG_ENABLE_OBJC_ARC = YES;
				CLANG_WARN_CONSTANT_CONVERSION = YES;
				CLANG_WARN_EMPTY_BODY = YES;
				CLANG_WARN_ENUM_CONVERSION = YES;
				CLANG_WARN_INT_CONVERSION = YES;
				CLANG_WARN__DUPLICATE_METHOD_MATCH = YES;
				"CODE_SIGN_IDENTITY[sdk=iphoneos*]" = "iPhone Developer";
				COPY_PHASE_STRIP = YES;
				GCC_C_LANGUAGE_STANDARD = gnu99;
				GCC_WARN_ABOUT_RETURN_TYPE = YES;
				GCC_WARN_UNINITIALIZED_AUTOS = YES;
				GCC_WARN_UNUSED_VARIABLE = YES;
				IPHONEOS_DEPLOYMENT_TARGET = 6.1;
				OTHER_CFLAGS = "-DNS_BLOCK_ASSERTIONS=1";
				OTHER_LDFLAGS = "-lstdc++";
				SDKROOT = iphoneos;
				TARGETED_DEVICE_FAMILY = 2;
				VALIDATE_PRODUCT = YES;
			};
			name = Release;
		};
		BC5CEC5B17A1ED5400405806 /* Debug */ = {
			isa = XCBuildConfiguration;
			buildSettings = {
				CLANG_CXX_LIBRARY = "libstdc++";
				GCC_PRECOMPILE_PREFIX_HEADER = YES;
				GCC_PREFIX_HEADER = "PTTest/PTTest-Prefix.pch";
				INFOPLIST_FILE = "PTTest/PTTest-Info.plist";
				LIBRARY_SEARCH_PATHS = (
					"$(inherited)",
					"\"$(SRCROOT)/Lib\"",
				);
				OTHER_LDFLAGS = "-lstdc++";
				PRODUCT_NAME = "$(TARGET_NAME)";
				WRAPPER_EXTENSION = app;
			};
			name = Debug;
		};
		BC5CEC5C17A1ED5400405806 /* Release */ = {
			isa = XCBuildConfiguration;
			buildSettings = {
				CLANG_CXX_LIBRARY = "libstdc++";
				GCC_PRECOMPILE_PREFIX_HEADER = YES;
				GCC_PREFIX_HEADER = "PTTest/PTTest-Prefix.pch";
				INFOPLIST_FILE = "PTTest/PTTest-Info.plist";
				LIBRARY_SEARCH_PATHS = (
					"$(inherited)",
					"\"$(SRCROOT)/Lib\"",
				);
				OTHER_LDFLAGS = "-lstdc++";
				PRODUCT_NAME = "$(TARGET_NAME)";
				WRAPPER_EXTENSION = app;
			};
			name = Release;
		};
/* End XCBuildConfiguration section */

/* Begin XCConfigurationList section */
		BC5CEC3217A1ED5200405806 /* Build configuration list for PBXProject "PTTest" */ = {
			isa = XCConfigurationList;
			buildConfigurations = (
				BC5CEC5817A1ED5400405806 /* Debug */,
				BC5CEC5917A1ED5400405806 /* Release */,
			);
			defaultConfigurationIsVisible = 0;
			defaultConfigurationName = Release;
		};
		BC5CEC5A17A1ED5400405806 /* Build configuration list for PBXNativeTarget "PTTest" */ = {
			isa = XCConfigurationList;
			buildConfigurations = (
				BC5CEC5B17A1ED5400405806 /* Debug */,
				BC5CEC5C17A1ED5400405806 /* Release */,
			);
			defaultConfigurationIsVisible = 0;
			defaultConfigurationName = Release;
		};
/* End XCConfigurationList section */
	};
	rootObject = BC5CEC2F17A1ED5200405806 /* Project object */;
}
